{
    "_readme": [
        "This file locks the dependencies of your project to a known state",
        "Read more about it at https://getcomposer.org/doc/01-basic-usage.md#composer-lock-the-lock-file",
        "This file is @generated automatically"
    ],
    "content-hash": "512ae87d41c639478d3ca860a2b80d0c",
    "packages": [
        {
            "name": "artox-lab/entities",
            "version": "dev-master",
            "source": {
                "type": "git",
                "url": "https://github.com/artox-lab/entities.git",
                "reference": "179171d31955151f04d2b68f3ca5a45979537684"
            },
            "dist": {
                "type": "zip",
                "url": "https://api.github.com/repos/artox-lab/entities/zipball/179171d31955151f04d2b68f3ca5a45979537684",
                "reference": "179171d31955151f04d2b68f3ca5a45979537684",
                "shasum": ""
            },
            "type": "library",
            "autoload": {
                "psr-4": {
                    "ArtoxLab\\Entities\\": "src/"
                }
            },
            "notification-url": "https://packagist.org/downloads/",
            "license": [
                "MIT"
            ],
            "authors": [
                {
                    "name": "Artur Turchin",
                    "email": "a.turchin@artox.com"
                }
            ],
            "description": "Abstracts for Entities layer in Clean Architecture",
            "time": "2019-11-22T08:14:03+00:00"
        },
        {
            "name": "predis/predis",
            "version": "dev-master",
            "source": {
                "type": "git",
                "url": "https://github.com/nrk/predis.git",
                "reference": "d72f0678bade78af953605622760fe262d82eb58"
            },
            "dist": {
                "type": "zip",
                "url": "https://api.github.com/repos/nrk/predis/zipball/d72f0678bade78af953605622760fe262d82eb58",
                "reference": "d72f0678bade78af953605622760fe262d82eb58",
                "shasum": ""
            },
            "require": {
                "php": ">=5.3.9"
            },
            "require-dev": {
                "phpunit/phpunit": "~4.8"
            },
            "suggest": {
                "ext-curl": "Allows access to Webdis when paired with phpiredis",
                "ext-phpiredis": "Allows faster serialization and deserialization of the Redis protocol"
            },
            "type": "library",
            "extra": {
                "branch-alias": {
                    "dev-master": "2.0-dev"
                }
            },
            "autoload": {
                "psr-4": {
                    "Predis\\": "src/"
                }
            },
            "notification-url": "https://packagist.org/downloads/",
            "license": [
                "MIT"
            ],
            "authors": [
                {
                    "name": "Daniele Alessandri",
                    "email": "suppakilla@gmail.com",
                    "homepage": "http://clorophilla.net"
                }
            ],
            "description": "Flexible and feature-complete Redis client for PHP and HHVM",
            "homepage": "http://github.com/nrk/predis",
            "keywords": [
                "nosql",
                "predis",
                "redis"
            ],
            "time": "2017-07-12T14:44:10+00:00"
        }
    ],
    "packages-dev": [],
    "aliases": [],
    "minimum-stability": "dev",
    "stability-flags": {
        "predis/predis": 20,
        "artox-lab/entities": 20
    },
    "prefer-stable": false,
    "prefer-lowest": false,
    "platform": {
        "ext-json": "*"
    },
    "platform-dev": []
}
